// !$*UTF8*$!
{
	archiveVersion = 1;
	classes = {
	};
	objectVersion = 50;
	objects = {

/* Begin PBXBuildFile section */
		CF0663AD22446CD4000675CF /* AppDelegate.swift in Sources */ = {isa = PBXBuildFile; fileRef = CF0663AC22446CD4000675CF /* AppDelegate.swift */; };
		CF0663AF22446CD4000675CF /* ViewController.swift in Sources */ = {isa = PBXBuildFile; fileRef = CF0663AE22446CD4000675CF /* ViewController.swift */; };
		CF0663B222446CD4000675CF /* Main.storyboard in Resources */ = {isa = PBXBuildFile; fileRef = CF0663B022446CD4000675CF /* Main.storyboard */; };
		CF0663B422446CF4000675CF /* Assets.xcassets in Resources */ = {isa = PBXBuildFile; fileRef = CF0663B322446CF4000675CF /* Assets.xcassets */; };
		CF0663B722446CF4000675CF /* LaunchScreen.storyboard in Resources */ = {isa = PBXBuildFile; fileRef = CF0663B522446CF4000675CF /* LaunchScreen.storyboard */; };
		CF0663C222446CF4000675CF /* SendMessageTests.swift in Sources */ = {isa = PBXBuildFile; fileRef = CF0663C122446CF4000675CF /* SendMessageTests.swift */; };
		CF0663CD22446CF4000675CF /* SendMessageUITests.swift in Sources */ = {isa = PBXBuildFile; fileRef = CF0663CC22446CF4000675CF /* SendMessageUITests.swift */; };
/* End PBXBuildFile section */

/* Begin PBXContainerItemProxy section */
		CF0663BE22446CF4000675CF /* PBXContainerItemProxy */ = {
			isa = PBXContainerItemProxy;
			containerPortal = CF0663A122446CD4000675CF /* Project object */;
			proxyType = 1;
			remoteGlobalIDString = CF0663A822446CD4000675CF;
			remoteInfo = SendMessage;
		};
		CF0663C922446CF4000675CF /* PBXContainerItemProxy */ = {
			isa = PBXContainerItemProxy;
			containerPortal = CF0663A122446CD4000675CF /* Project object */;
			proxyType = 1;
			remoteGlobalIDString = CF0663A822446CD4000675CF;
			remoteInfo = SendMessage;
		};
/* End PBXContainerItemProxy section */

/* Begin PBXFileReference section */
		CF0663A922446CD4000675CF /* SendMessage.app */ = {isa = PBXFileReference; explicitFileType = wrapper.application; includeInIndex = 0; path = SendMessage.app; sourceTree = BUILT_PRODUCTS_DIR; };
		CF0663AC22446CD4000675CF /* AppDelegate.swift */ = {isa = PBXFileReference; lastKnownFileType = sourcecode.swift; path = AppDelegate.swift; sourceTree = "<group>"; };
		CF0663AE22446CD4000675CF /* ViewController.swift */ = {isa = PBXFileReference; lastKnownFileType = sourcecode.swift; path = ViewController.swift; sourceTree = "<group>"; };
		CF0663B122446CD4000675CF /* Base */ = {isa = PBXFileReference; lastKnownFileType = file.storyboard; name = Base; path = Base.lproj/Main.storyboard; sourceTree = "<group>"; };
		CF0663B322446CF4000675CF /* Assets.xcassets */ = {isa = PBXFileReference; lastKnownFileType = folder.assetcatalog; path = Assets.xcassets; sourceTree = "<group>"; };
		CF0663B622446CF4000675CF /* Base */ = {isa = PBXFileReference; lastKnownFileType = file.storyboard; name = Base; path = Base.lproj/LaunchScreen.storyboard; sourceTree = "<group>"; };
		CF0663B822446CF4000675CF /* Info.plist */ = {isa = PBXFileReference; lastKnownFileType = text.plist.xml; path = Info.plist; sourceTree = "<group>"; };
		CF0663BD22446CF4000675CF /* SendMessageTests.xctest */ = {isa = PBXFileReference; explicitFileType = wrapper.cfbundle; includeInIndex = 0; path = SendMessageTests.xctest; sourceTree = BUILT_PRODUCTS_DIR; };
		CF0663C122446CF4000675CF /* SendMessageTests.swift */ = {isa = PBXFileReference; lastKnownFileType = sourcecode.swift; path = SendMessageTests.swift; sourceTree = "<group>"; };
		CF0663C322446CF4000675CF /* Info.plist */ = {isa = PBXFileReference; lastKnownFileType = text.plist.xml; path = Info.plist; sourceTree = "<group>"; };
		CF0663C822446CF4000675CF /* SendMessageUITests.xctest */ = {isa = PBXFileReference; explicitFileType = wrapper.cfbundle; includeInIndex = 0; path = SendMessageUITests.xctest; sourceTree = BUILT_PRODUCTS_DIR; };
		CF0663CC22446CF4000675CF /* SendMessageUITests.swift */ = {isa = PBXFileReference; lastKnownFileType = sourcecode.swift; path = SendMessageUITests.swift; sourceTree = "<group>"; };
		CF0663CE22446CF4000675CF /* Info.plist */ = {isa = PBXFileReference; lastKnownFileType = text.plist.xml; path = Info.plist; sourceTree = "<group>"; };
/* End PBXFileReference section */

/* Begin PBXFrameworksBuildPhase section */
		CF0663A622446CD4000675CF /* Frameworks */ = {
			isa = PBXFrameworksBuildPhase;
			buildActionMask = 2147483647;
			files = (
			);
			runOnlyForDeploymentPostprocessing = 0;
		};
		CF0663BA22446CF4000675CF /* Frameworks */ = {
			isa = PBXFrameworksBuildPhase;
			buildActionMask = 2147483647;
			files = (
			);
			runOnlyForDeploymentPostprocessing = 0;
		};
		CF0663C522446CF4000675CF /* Frameworks */ = {
			isa = PBXFrameworksBuildPhase;
			buildActionMask = 2147483647;
			files = (
			);
			runOnlyForDeploymentPostprocessing = 0;
		};
/* End PBXFrameworksBuildPhase section */

/* Begin PBXGroup section */
		CF0663A022446CD4000675CF = {
			isa = PBXGroup;
			children = (
				CF0663AB22446CD4000675CF /* SendMessage */,
				CF0663C022446CF4000675CF /* SendMessageTests */,
				CF0663CB22446CF4000675CF /* SendMessageUITests */,
				CF0663AA22446CD4000675CF /* Products */,
			);
			sourceTree = "<group>";
		};
		CF0663AA22446CD4000675CF /* Products */ = {
			isa = PBXGroup;
			children = (
				CF0663A922446CD4000675CF /* SendMessage.app */,
				CF0663BD22446CF4000675CF /* SendMessageTests.xctest */,
				CF0663C822446CF4000675CF /* SendMessageUITests.xctest */,
			);
			name = Products;
			sourceTree = "<group>";
		};
		CF0663AB22446CD4000675CF /* SendMessage */ = {
			isa = PBXGroup;
			children = (
				CF0663AC22446CD4000675CF /* AppDelegate.swift */,
				CF0663AE22446CD4000675CF /* ViewController.swift */,
				CF0663B022446CD4000675CF /* Main.storyboard */,
				CF0663B322446CF4000675CF /* Assets.xcassets */,
				CF0663B522446CF4000675CF /* LaunchScreen.storyboard */,
				CF0663B822446CF4000675CF /* Info.plist */,
			);
			path = SendMessage;
			sourceTree = "<group>";
		};
		CF0663C022446CF4000675CF /* SendMessageTests */ = {
			isa = PBXGroup;
			children = (
				CF0663C122446CF4000675CF /* SendMessageTests.swift */,
				CF0663C322446CF4000675CF /* Info.plist */,
			);
			path = SendMessageTests;
			sourceTree = "<group>";
		};
		CF0663CB22446CF4000675CF /* SendMessageUITests */ = {
			isa = PBXGroup;
			children = (
				CF0663CC22446CF4000675CF /* SendMessageUITests.swift */,
				CF0663CE22446CF4000675CF /* Info.plist */,
			);
			path = SendMessageUITests;
			sourceTree = "<group>";
		};
/* End PBXGroup section */

/* Begin PBXNativeTarget section */
		CF0663A822446CD4000675CF /* SendMessage */ = {
			isa = PBXNativeTarget;
			buildConfigurationList = CF0663D122446CF4000675CF /* Build configuration list for PBXNativeTarget "SendMessage" */;
			buildPhases = (
				CF0663A522446CD4000675CF /* Sources */,
				CF0663A622446CD4000675CF /* Frameworks */,
				CF0663A722446CD4000675CF /* Resources */,
			);
			buildRules = (
			);
			dependencies = (
			);
			name = SendMessage;
			productName = SendMessage;
			productReference = CF0663A922446CD4000675CF /* SendMessage.app */;
			productType = "com.apple.product-type.application";
		};
		CF0663BC22446CF4000675CF /* SendMessageTests */ = {
			isa = PBXNativeTarget;
			buildConfigurationList = CF0663D422446CF4000675CF /* Build configuration list for PBXNativeTarget "SendMessageTests" */;
			buildPhases = (
				CF0663B922446CF4000675CF /* Sources */,
				CF0663BA22446CF4000675CF /* Frameworks */,
				CF0663BB22446CF4000675CF /* Resources */,
			);
			buildRules = (
			);
			dependencies = (
				CF0663BF22446CF4000675CF /* PBXTargetDependency */,
			);
			name = SendMessageTests;
			productName = SendMessageTests;
			productReference = CF0663BD22446CF4000675CF /* SendMessageTests.xctest */;
			productType = "com.apple.product-type.bundle.unit-test";
		};
		CF0663C722446CF4000675CF /* SendMessageUITests */ = {
			isa = PBXNativeTarget;
			buildConfigurationList = CF0663D722446CF4000675CF /* Build configuration list for PBXNativeTarget "SendMessageUITests" */;
			buildPhases = (
				CF0663C422446CF4000675CF /* Sources */,
				CF0663C522446CF4000675CF /* Frameworks */,
				CF0663C622446CF4000675CF /* Resources */,
			);
			buildRules = (
			);
			dependencies = (
				CF0663CA22446CF4000675CF /* PBXTargetDependency */,
			);
			name = SendMessageUITests;
			productName = SendMessageUITests;
			productReference = CF0663C822446CF4000675CF /* SendMessageUITests.xctest */;
			productType = "com.apple.product-type.bundle.ui-testing";
		};
/* End PBXNativeTarget section */

/* Begin PBXProject section */
		CF0663A122446CD4000675CF /* Project object */ = {
			isa = PBXProject;
			attributes = {
				LastSwiftUpdateCheck = 1010;
				LastUpgradeCheck = 1010;
				ORGANIZATIONNAME = kikyo;
				TargetAttributes = {
					CF0663A822446CD4000675CF = {
						CreatedOnToolsVersion = 10.1;
					};
					CF0663BC22446CF4000675CF = {
						CreatedOnToolsVersion = 10.1;
						TestTargetID = CF0663A822446CD4000675CF;
					};
					CF0663C722446CF4000675CF = {
						CreatedOnToolsVersion = 10.1;
						TestTargetID = CF0663A822446CD4000675CF;
					};
				};
			};
			buildConfigurationList = CF0663A422446CD4000675CF /* Build configuration list for PBXProject "SendMessage" */;
			compatibilityVersion = "Xcode 9.3";
			developmentRegion = en;
			hasScannedForEncodings = 0;
			knownRegions = (
				en,
				Base,
			);
			mainGroup = CF0663A022446CD4000675CF;
			productRefGroup = CF0663AA22446CD4000675CF /* Products */;
			projectDirPath = "";
			projectRoot = "";
			targets = (
				CF0663A822446CD4000675CF /* SendMessage */,
				CF0663BC22446CF4000675CF /* SendMessageTests */,
				CF0663C722446CF4000675CF /* SendMessageUITests */,
			);
		};
/* End PBXProject section */

/* Begin PBXResourcesBuildPhase section */
		CF0663A722446CD4000675CF /* Resources */ = {
			isa = PBXResourcesBuildPhase;
			buildActionMask = 2147483647;
			files = (
				CF0663B722446CF4000675CF /* LaunchScreen.storyboard in Resources */,
				CF0663B422446CF4000675CF /* Assets.xcassets in Resources */,
				CF0663B222446CD4000675CF /* Main.storyboard in Resources */,
			);
			runOnlyForDeploymentPostprocessing = 0;
		};
		CF0663BB22446CF4000675CF /* Resources */ = {
			isa = PBXResourcesBuildPhase;
			buildActionMask = 2147483647;
			files = (
			);
			runOnlyForDeploymentPostprocessing = 0;
		};
		CF0663C622446CF4000675CF /* Resources */ = {
			isa = PBXResourcesBuildPhase;
			buildActionMask = 2147483647;
			files = (
			);
			runOnlyForDeploymentPostprocessing = 0;
		};
/* End PBXResourcesBuildPhase section */

/* Begin PBXSourcesBuildPhase section */
		CF0663A522446CD4000675CF /* Sources */ = {
			isa = PBXSourcesBuildPhase;
			buildActionMask = 2147483647;
			files = (
				CF0663AF22446CD4000675CF /* ViewController.swift in Sources */,
				CF0663AD22446CD4000675CF /* AppDelegate.swift in Sources */,
			);
			runOnlyForDeploymentPostprocessing = 0;
		};
		CF0663B922446CF4000675CF /* Sources */ = {
			isa = PBXSourcesBuildPhase;
			buildActionMask = 2147483647;
			files = (
				CF0663C222446CF4000675CF /* SendMessageTests.swift in Sources */,
			);
			runOnlyForDeploymentPostprocessing = 0;
		};
		CF0663C422446CF4000675CF /* Sources */ = {
			isa = PBXSourcesBuildPhase;
			buildActionMask = 2147483647;
			files = (
				CF0663CD22446CF4000675CF /* SendMessageUITests.swift in Sources */,
			);
			runOnlyForDeploymentPostprocessing = 0;
		};
/* End PBXSourcesBuildPhase section */

/* Begin PBXTargetDependency section */
		CF0663BF22446CF4000675CF /* PBXTargetDependency */ = {
			isa = PBXTargetDependency;
			target = CF0663A822446CD4000675CF /* SendMessage */;
			targetProxy = CF0663BE22446CF4000675CF /* PBXContainerItemProxy */;
		};
		CF0663CA22446CF4000675CF /* PBXTargetDependency */ = {
			isa = PBXTargetDependency;
			target = CF0663A822446CD4000675CF /* SendMessage */;
			targetProxy = CF0663C922446CF4000675CF /* PBXContainerItemProxy */;
		};
/* End PBXTargetDependency section */

/* Begin PBXVariantGroup section */
		CF0663B022446CD4000675CF /* Main.storyboard */ = {
			isa = PBXVariantGroup;
			children = (
				CF0663B122446CD4000675CF /* Base */,
			);
			name = Main.storyboard;
			sourceTree = "<group>";
		};
		CF0663B522446CF4000675CF /* LaunchScreen.storyboard */ = {
			isa = PBXVariantGroup;
			children = (
				CF0663B622446CF4000675CF /* Base */,
			);
			name = LaunchScreen.storyboard;
			sourceTree = "<group>";
		};
/* End PBXVariantGroup section */

/* Begin XCBuildConfiguration section */
		CF0663CF22446CF4000675CF /* Debug */ = {
			isa = XCBuildConfiguration;
			buildSettings = {
				ALWAYS_SEARCH_USER_PATHS = NO;
				CLANG_ANALYZER_NONNULL = YES;
				CLANG_ANALYZER_NUMBER_OBJECT_CONVERSION = YES_AGGRESSIVE;
				CLANG_CXX_LANGUAGE_STANDARD = "gnu++14";
				CLANG_CXX_LIBRARY = "libc++";
				CLANG_ENABLE_MODULES = YES;
				CLANG_ENABLE_OBJC_ARC = YES;
				CLANG_ENABLE_OBJC_WEAK = YES;
				CLANG_WARN_BLOCK_CAPTURE_AUTORELEASING = YES;
				CLANG_WARN_BOOL_CONVERSION = YES;
				CLANG_WARN_COMMA = YES;
				CLANG_WARN_CONSTANT_CONVERSION = YES;
				CLANG_WARN_DEPRECATED_OBJC_IMPLEMENTATIONS = YES;
				CLANG_WARN_DIRECT_OBJC_ISA_USAGE = YES_ERROR;
				CLANG_WARN_DOCUMENTATION_COMMENTS = YES;
				CLANG_WARN_EMPTY_BODY = YES;
				CLANG_WARN_ENUM_CONVERSION = YES;
				CLANG_WARN_INFINITE_RECURSION = YES;
				CLANG_WARN_INT_CONVERSION = YES;
				CLANG_WARN_NON_LITERAL_NULL_CONVERSION = YES;
				CLANG_WARN_OBJC_IMPLICIT_RETAIN_SELF = YES;
				CLANG_WARN_OBJC_LITERAL_CONVERSION = YES;
				CLANG_WARN_OBJC_ROOT_CLASS = YES_ERROR;
				CLANG_WARN_RANGE_LOOP_ANALYSIS = YES;
				CLANG_WARN_STRICT_PROTOTYPES = YES;
				CLANG_WARN_SUSPICIOUS_MOVE = YES;
				CLANG_WARN_UNGUARDED_AVAILABILITY = YES_AGGRESSIVE;
				CLANG_WARN_UNREACHABLE_CODE = YES;
				CLANG_WARN__DUPLICATE_METHOD_MATCH = YES;
				CODE_SIGN_IDENTITY = "iPhone Developer";
				COPY_PHASE_STRIP = NO;
				DEBUG_INFORMATION_FORMAT = dwarf;
				ENABLE_STRICT_OBJC_MSGSEND = YES;
				ENABLE_TESTABILITY = YES;
				GCC_C_LANGUAGE_STANDARD = gnu11;
				GCC_DYNAMIC_NO_PIC = NO;
				GCC_NO_COMMON_BLOCKS = YES;
				GCC_OPTIMIZATION_LEVEL = 0;
				GCC_PREPROCESSOR_DEFINITIONS = (
					"DEBUG=1",
					"$(inherited)",
				);
				GCC_WARN_64_TO_32_BIT_CONVERSION = YES;
				GCC_WARN_ABOUT_RETURN_TYPE = YES_ERROR;
				GCC_WARN_UNDECLARED_SELECTOR = YES;
				GCC_WARN_UNINITIALIZED_AUTOS = YES_AGGRESSIVE;
				GCC_WARN_UNUSED_FUNCTION = YES;
				GCC_WARN_UNUSED_VARIABLE = YES;
				IPHONEOS_DEPLOYMENT_TARGET = 12.1;
				MTL_ENABLE_DEBUG_INFO = INCLUDE_SOURCE;
				MTL_FAST_MATH = YES;
				ONLY_ACTIVE_ARCH = YES;
				SDKROOT = iphoneos;
				SWIFT_ACTIVE_COMPILATION_CONDITIONS = DEBUG;
				SWIFT_OPTIMIZATION_LEVEL = "-Onone";
			};
			name = Debug;
		};
		CF0663D022446CF4000675CF /* Release */ = {
			isa = XCBuildConfiguration;
			buildSettings = {
				ALWAYS_SEARCH_USER_PATHS = NO;
				CLANG_ANALYZER_NONNULL = YES;
				CLANG_ANALYZER_NUMBER_OBJECT_CONVERSION = YES_AGGRESSIVE;
				CLANG_CXX_LANGUAGE_STANDARD = "gnu++14";
				CLANG_CXX_LIBRARY = "libc++";
				CLANG_ENABLE_MODULES = YES;
				CLANG_ENABLE_OBJC_ARC = YES;
				CLANG_ENABLE_OBJC_WEAK = YES;
				CLANG_WARN_BLOCK_CAPTURE_AUTORELEASING = YES;
				CLANG_WARN_BOOL_CONVERSION = YES;
				CLANG_WARN_COMMA = YES;
				CLANG_WARN_CONSTANT_CONVERSION = YES;
				CLANG_WARN_DEPRECATED_OBJC_IMPLEMENTATIONS = YES;
				CLANG_WARN_DIRECT_OBJC_ISA_USAGE = YES_ERROR;
				CLANG_WARN_DOCUMENTATION_COMMENTS = YES;
				CLANG_WARN_EMPTY_BODY = YES;
				CLANG_WARN_ENUM_CONVERSION = YES;
				CLANG_WARN_INFINITE_RECURSION = YES;
				CLANG_WARN_INT_CONVERSION = YES;
				CLANG_WARN_NON_LITERAL_NULL_CONVERSION = YES;
				CLANG_WARN_OBJC_IMPLICIT_RETAIN_SELF = YES;
				CLANG_WARN_OBJC_LITERAL_CONVERSION = YES;
				CLANG_WARN_OBJC_ROOT_CLASS = YES_ERROR;
				CLANG_WARN_RANGE_LOOP_ANALYSIS = YES;
				CLANG_WARN_STRICT_PROTOTYPES = YES;
				CLANG_WARN_SUSPICIOUS_MOVE = YES;
				CLANG_WARN_UNGUARDED_AVAILABILITY = YES_AGGRESSIVE;
				CLANG_WARN_UNREACHABLE_CODE = YES;
				CLANG_WARN__DUPLICATE_METHOD_MATCH = YES;
				CODE_SIGN_IDENTITY = "iPhone Developer";
				COPY_PHASE_STRIP = NO;
				DEBUG_INFORMATION_FORMAT = "dwarf-with-dsym";
				ENABLE_NS_ASSERTIONS = NO;
				ENABLE_STRICT_OBJC_MSGSEND = YES;
				GCC_C_LANGUAGE_STANDARD = gnu11;
				GCC_NO_COMMON_BLOCKS = YES;
				GCC_WARN_64_TO_32_BIT_CONVERSION = YES;
				GCC_WARN_ABOUT_RETURN_TYPE = YES_ERROR;
				GCC_WARN_UNDECLARED_SELECTOR = YES;
				GCC_WARN_UNINITIALIZED_AUTOS = YES_AGGRESSIVE;
				GCC_WARN_UNUSED_FUNCTION = YES;
				GCC_WARN_UNUSED_VARIABLE = YES;
				IPHONEOS_DEPLOYMENT_TARGET = 12.1;
				MTL_ENABLE_DEBUG_INFO = NO;
				MTL_FAST_MATH = YES;
				SDKROOT = iphoneos;
				SWIFT_COMPILATION_MODE = wholemodule;
				SWIFT_OPTIMIZATION_LEVEL = "-O";
				VALIDATE_PRODUCT = YES;
			};
			name = Release;
		};
		CF0663D222446CF4000675CF /* Debug */ = {
			isa = XCBuildConfiguration;
			buildSettings = {
				ASSETCATALOG_COMPILER_APPICON_NAME = AppIcon;
				CODE_SIGN_STYLE = Automatic;
				INFOPLIST_FILE = SendMessage/Info.plist;
				LD_RUNPATH_SEARCH_PATHS = (
					"$(inherited)",
					"@executable_path/Frameworks",
				);
				PRODUCT_BUNDLE_IDENTIFIER = com.kikyos.SendMessage;
				PRODUCT_NAME = "$(TARGET_NAME)";
				SWIFT_VERSION = 4.2;
				TARGETED_DEVICE_FAMILY = "1,2";
			};
			name = Debug;
		};
		CF0663D322446CF4000675CF /* Release */ = {
			isa = XCBuildConfiguration;
			buildSettings = {
				ASSETCATALOG_COMPILER_APPICON_NAME = AppIcon;
				CODE_SIGN_STYLE = Automatic;
				INFOPLIST_FILE = SendMessage/Info.plist;
				LD_RUNPATH_SEARCH_PATHS = (
					"$(inherited)",
					"@executable_path/Frameworks",
				);
				PRODUCT_BUNDLE_IDENTIFIER = com.kikyos.SendMessage;
				PRODUCT_NAME = "$(TARGET_NAME)";
				SWIFT_VERSION = 4.2;
				TARGETED_DEVICE_FAMILY = "1,2";
			};
			name = Release;
		};
		CF0663D522446CF4000675CF /* Debug */ = {
			isa = XCBuildConfiguration;
			buildSettings = {
				ALWAYS_EMBED_SWIFT_STANDARD_LIBRARIES = YES;
				BUNDLE_LOADER = "$(TEST_HOST)";
				CODE_SIGN_STYLE = Automatic;
				INFOPLIST_FILE = SendMessageTests/Info.plist;
				LD_RUNPATH_SEARCH_PATHS = (
					"$(inherited)",
					"@executable_path/Frameworks",
					"@loader_path/Frameworks",
				);
				PRODUCT_BUNDLE_IDENTIFIER = com.kikyos.SendMessageTests;
				PRODUCT_NAME = "$(TARGET_NAME)";
				SWIFT_VERSION = 4.2;
				TARGETED_DEVICE_FAMILY = "1,2";
				TEST_HOST = "$(BUILT_PRODUCTS_DIR)/SendMessage.app/SendMessage";
			};
			name = Debug;
		};
		CF0663D622446CF4000675CF /* Release */ = {
			isa = XCBuildConfiguration;
			buildSettings = {
				ALWAYS_EMBED_SWIFT_STANDARD_LIBRARIES = YES;
				BUNDLE_LOADER = "$(TEST_HOST)";
				CODE_SIGN_STYLE = Automatic;
				INFOPLIST_FILE = SendMessageTests/Info.plist;
				LD_RUNPATH_SEARCH_PATHS = (
					"$(inherited)",
					"@executable_path/Frameworks",
					"@loader_path/Frameworks",
				);
				PRODUCT_BUNDLE_IDENTIFIER = com.kikyos.SendMessageTests;
				PRODUCT_NAME = "$(TARGET_NAME)";
				SWIFT_VERSION = 4.2;
				TARGETED_DEVICE_FAMILY = "1,2";
				TEST_HOST = "$(BUILT_PRODUCTS_DIR)/SendMessage.app/SendMessage";
			};
			name = Release;
		};
		CF0663D822446CF4000675CF /* Debug */ = {
			isa = XCBuildConfiguration;
			buildSettings = {
				ALWAYS_EMBED_SWIFT_STANDARD_LIBRARIES = YES;
				CODE_SIGN_STYLE = Automatic;
				INFOPLIST_FILE = SendMessageUITests/Info.plist;
				LD_RUNPATH_SEARCH_PATHS = (
					"$(inherited)",
					"@executable_path/Frameworks",
					"@loader_path/Frameworks",
				);
				PRODUCT_BUNDLE_IDENTIFIER = com.kikyos.SendMessageUITests;
				PRODUCT_NAME = "$(TARGET_NAME)";
				SWIFT_VERSION = 4.2;
				TARGETED_DEVICE_FAMILY = "1,2";
				TEST_TARGET_NAME = SendMessage;
			};
			name = Debug;
		};
		CF0663D922446CF4000675CF /* Release */ = {
			isa = XCBuildConfiguration;
			buildSettings = {
				ALWAYS_EMBED_SWIFT_STANDARD_LIBRARIES = YES;
				CODE_SIGN_STYLE = Automatic;
				INFOPLIST_FILE = SendMessageUITests/Info.plist;
				LD_RUNPATH_SEARCH_PATHS = (
					"$(inherited)",
					"@executable_path/Frameworks",
					"@loader_path/Frameworks",
				);
				PRODUCT_BUNDLE_IDENTIFIER = com.kikyos.SendMessageUITests;
				PRODUCT_NAME = "$(TARGET_NAME)";
				SWIFT_VERSION = 4.2;
				TARGETED_DEVICE_FAMILY = "1,2";
				TEST_TARGET_NAME = SendMessage;
			};
			name = Release;
		};
/* End XCBuildConfiguration section */

/* Begin XCConfigurationList section */
		CF0663A422446CD4000675CF /* Build configuration list for PBXProject "SendMessage" */ = {
			isa = XCConfigurationList;
			buildConfigurations = (
				CF0663CF22446CF4000675CF /* Debug */,
				CF0663D022446CF4000675CF /* Release */,
			);
			defaultConfigurationIsVisible = 0;
			defaultConfigurationName = Release;
		};
		CF0663D122446CF4000675CF /* Build configuration list for PBXNativeTarget "SendMessage" */ = {
			isa = XCConfigurationList;
			buildConfigurations = (
				CF0663D222446CF4000675CF /* Debug */,
				CF0663D322446CF4000675CF /* Release */,
			);
			defaultConfigurationIsVisible = 0;
			defaultConfigurationName = Release;
		};
		CF0663D422446CF4000675CF /* Build configuration list for PBXNativeTarget "SendMessageTests" */ = {
			isa = XCConfigurationList;
			buildConfigurations = (
				CF0663D522446CF4000675CF /* Debug */,
				CF0663D622446CF4000675CF /* Release */,
			);
			defaultConfigurationIsVisible = 0;
			defaultConfigurationName = Release;
		};
		CF0663D722446CF4000675CF /* Build configuration list for PBXNativeTarget "SendMessageUITests" */ = {
			isa = XCConfigurationList;
			buildConfigurations = (
				CF0663D822446CF4000675CF /* Debug */,
				CF0663D922446CF4000675CF /* Release */,
			);
			defaultConfigurationIsVisible = 0;
			defaultConfigurationName = Release;
		};
/* End XCConfigurationList section */
	};
	rootObject = CF0663A122446CD4000675CF /* Project object */;
}
